
Microsoft Visual Studio Solution File, Format Version 12.00
# Visual Studio Version 16
VisualStudioVersion = 16.0.30523.141
MinimumVisualStudioVersion = 10.0.40219.1
Project("{FAE04EC0-301F-11D3-BF4B-00C04F79EFBC}") = "PMat+0030482011049", "PMat+0030482011049.csproj", "{FA71A43E-478D-4069-940B-E0133F8E89D8}"
EndProject
Global
	GlobalSection(SolutionConfigurationPlatforms) = preSolution
		Debug|Any CPU = Debug|Any CPU
		Release|Any CPU = Release|Any CPU
	EndGlobalSection
	GlobalSection(ProjectConfigurationPlatforms) = postSolution
		{FA71A43E-478D-4069-940B-E0133F8E89D8}.Debug|Any CPU.ActiveCfg = Debug|Any CPU
		{FA71A43E-478D-4069-940B-E0133F8E89D8}.Debug|Any CPU.Build.0 = Debug|Any CPU
		{FA71A43E-478D-4069-940B-E0133F8E89D8}.Release|Any CPU.ActiveCfg = Release|Any CPU
		{FA71A43E-478D-4069-940B-E0133F8E89D8}.Release|Any CPU.Build.0 = Release|Any CPU
	EndGlobalSection
	GlobalSection(SolutionProperties) = preSolution
		HideSolutionNode = FALSE
	EndGlobalSection
	GlobalSection(ExtensibilityGlobals) = postSolution
		SolutionGuid = {9BCA7A95-9E6F-45E6-A00F-165879933934}
	EndGlobalSection
EndGlobal
